
Microsoft Visual Studio Solution File, Format Version 12.00
Project("{FAE04EC0-301F-11D3-BF4B-00C04F79EFBC}") = "PharmaCare.Web", "PharmaCare.Web\PharmaCare.Web.csproj", "{B093F1A8-9620-4AD0-8C15-D8D67EA5DED5}"
EndProject
Project("{FAE04EC0-301F-11D3-BF4B-00C04F79EFBC}") = "PharmaCare.API", "PharmaCare.API\PharmaCare.API.csproj", "{BCF0E335-4801-445F-B471-035929D6519B}"
EndProject
Project("{FAE04EC0-301F-11D3-BF4B-00C04F79EFBC}") = "PharmaCare.Data", "PharmaCare.Data\PharmaCare.Data.csproj", "{400EA3D2-5A6D-4165-9F5F-C7728F1F37C9}"
EndProject
Project("{FAE04EC0-301F-11D3-BF4B-00C04F79EFBC}") = "PharmaCare.Services", "PharmaCare.Services\PharmaCare.Services.csproj", "{A34CD28E-EF9F-4FD2-9847-F0FB59F2E0E4}"
EndProject
Global
	GlobalSection(SolutionConfigurationPlatforms) = preSolution
		Debug|Any CPU = Debug|Any CPU
		Release|Any CPU = Release|Any CPU
	EndGlobalSection
	GlobalSection(ProjectConfigurationPlatforms) = postSolution
		{B093F1A8-9620-4AD0-8C15-D8D67EA5DED5}.Debug|Any CPU.ActiveCfg = Debug|Any CPU
		{B093F1A8-9620-4AD0-8C15-D8D67EA5DED5}.Debug|Any CPU.Build.0 = Debug|Any CPU
		{B093F1A8-9620-4AD0-8C15-D8D67EA5DED5}.Release|Any CPU.ActiveCfg = Release|Any CPU
		{B093F1A8-9620-4AD0-8C15-D8D67EA5DED5}.Release|Any CPU.Build.0 = Release|Any CPU
		{BCF0E335-4801-445F-B471-035929D6519B}.Debug|Any CPU.ActiveCfg = Debug|Any CPU
		{BCF0E335-4801-445F-B471-035929D6519B}.Debug|Any CPU.Build.0 = Debug|Any CPU
		{BCF0E335-4801-445F-B471-035929D6519B}.Release|Any CPU.ActiveCfg = Release|Any CPU
		{BCF0E335-4801-445F-B471-035929D6519B}.Release|Any CPU.Build.0 = Release|Any CPU
		{400EA3D2-5A6D-4165-9F5F-C7728F1F37C9}.Debug|Any CPU.ActiveCfg = Debug|Any CPU
		{400EA3D2-5A6D-4165-9F5F-C7728F1F37C9}.Debug|Any CPU.Build.0 = Debug|Any CPU
		{400EA3D2-5A6D-4165-9F5F-C7728F1F37C9}.Release|Any CPU.ActiveCfg = Release|Any CPU
		{400EA3D2-5A6D-4165-9F5F-C7728F1F37C9}.Release|Any CPU.Build.0 = Release|Any CPU
		{A34CD28E-EF9F-4FD2-9847-F0FB59F2E0E4}.Debug|Any CPU.ActiveCfg = Debug|Any CPU
		{A34CD28E-EF9F-4FD2-9847-F0FB59F2E0E4}.Debug|Any CPU.Build.0 = Debug|Any CPU
		{A34CD28E-EF9F-4FD2-9847-F0FB59F2E0E4}.Release|Any CPU.ActiveCfg = Release|Any CPU
		{A34CD28E-EF9F-4FD2-9847-F0FB59F2E0E4}.Release|Any CPU.Build.0 = Release|Any CPU
	EndGlobalSection
EndGlobal
